{
  "name": "my-v0-project",
  "version": "0.1.0",
  "lockfileVersion": 3,
  "requires": true,
  "packages": {
    "": {
      "name": "my-v0-project",
      "version": "0.1.0",
      "dependencies": {
        "next": "15.2.4",
        "react": "^19",
        "react-dom": "^19",
        "@hookform/resolvers": "^3.9.1"
        
      }
    }
  },
  "dependencies": {
    "next": {
      "version": "15.2.4",
      "resolved": "https://registry.npmjs.org/next/-/next-15.2.4.tgz",
      "integrity": "sha512-...",
      "dependencies": {
        "react": "^19",
        "react-dom": "^19"
      }
    },
    "react": {
      "version": "19.0.0",
      "resolved": "https://registry.npmjs.org/react/-/react-19.0.0.tgz",
      "integrity": "sha512-..."
    },
    "react-dom": {
      "version": "19.0.0",
      "resolved": "https://registry.npmjs.org/react-dom/-/react-dom-19.0.0.tgz",
      "integrity": "sha512-..."
    }
    
  }
}
